
Microsoft Visual Studio Solution File, Format Version 12.00
# Visual Studio Version 17
VisualStudioVersion = 17.14.36109.1 d17.14
MinimumVisualStudioVersion = 10.0.40219.1
Project("{FAE04EC0-301F-11D3-BF4B-00C04F79EFBC}") = "Ispit.Model", "Ispit.Model\Ispit.Model.csproj", "{94DC4CC4-F12D-4663-A91B-CC6BF537961D}"
EndProject
Project("{FAE04EC0-301F-11D3-BF4B-00C04F79EFBC}") = "Ispit.Konzola", "Ispit.Konzola\Ispit.Konzola.csproj", "{3156F1F6-0B98-4BB6-B1AB-139A60F8DE87}"
EndProject
Global
	GlobalSection(SolutionConfigurationPlatforms) = preSolution
		Debug|Any CPU = Debug|Any CPU
		Release|Any CPU = Release|Any CPU
	EndGlobalSection
	GlobalSection(ProjectConfigurationPlatforms) = postSolution
		{94DC4CC4-F12D-4663-A91B-CC6BF537961D}.Debug|Any CPU.ActiveCfg = Debug|Any CPU
		{94DC4CC4-F12D-4663-A91B-CC6BF537961D}.Debug|Any CPU.Build.0 = Debug|Any CPU
		{94DC4CC4-F12D-4663-A91B-CC6BF537961D}.Release|Any CPU.ActiveCfg = Release|Any CPU
		{94DC4CC4-F12D-4663-A91B-CC6BF537961D}.Release|Any CPU.Build.0 = Release|Any CPU
		{3156F1F6-0B98-4BB6-B1AB-139A60F8DE87}.Debug|Any CPU.ActiveCfg = Debug|Any CPU
		{3156F1F6-0B98-4BB6-B1AB-139A60F8DE87}.Debug|Any CPU.Build.0 = Debug|Any CPU
		{3156F1F6-0B98-4BB6-B1AB-139A60F8DE87}.Release|Any CPU.ActiveCfg = Release|Any CPU
		{3156F1F6-0B98-4BB6-B1AB-139A60F8DE87}.Release|Any CPU.Build.0 = Release|Any CPU
	EndGlobalSection
	GlobalSection(SolutionProperties) = preSolution
		HideSolutionNode = FALSE
	EndGlobalSection
	GlobalSection(ExtensibilityGlobals) = postSolution
		SolutionGuid = {39E4FC54-C180-4BC0-9676-A4A90A2DFBAA}
	EndGlobalSection
EndGlobal
